
Microsoft Visual Studio Solution File, Format Version 12.00
# Visual Studio Version 17
VisualStudioVersion = 17.13.35818.85
MinimumVisualStudioVersion = 10.0.40219.1
Project("{2150E333-8FDC-42A3-9474-1A3956D46DE8}") = "Doc", "Doc", "{02EA681E-C7D8-13C7-8484-4AC65E1B71E8}"
EndProject
Project("{2150E333-8FDC-42A3-9474-1A3956D46DE8}") = "Src", "Src", "{94553754-74D1-4CC7-86E7-178F86C0B311}"
EndProject
Project("{2150E333-8FDC-42A3-9474-1A3956D46DE8}") = "Test", "Test", "{6A05477E-5904-4B47-9337-F62CD999AED9}"
EndProject
Project("{2150E333-8FDC-42A3-9474-1A3956D46DE8}") = "Command", "Command", "{08A38DB9-F347-4832-91AA-D659F4E9858F}"
EndProject
Project("{2150E333-8FDC-42A3-9474-1A3956D46DE8}") = "Core", "Core", "{771098A1-7D3E-49C1-8795-558056A7926A}"
EndProject
Project("{2150E333-8FDC-42A3-9474-1A3956D46DE8}") = "Infrastructure", "Infrastructure", "{118D3C17-1330-4A0F-8E75-3D91024FEEE9}"
EndProject
Project("{2150E333-8FDC-42A3-9474-1A3956D46DE8}") = "Presentation", "Presentation", "{73E1F09B-DA78-473D-9B7C-7BD566E245EF}"
EndProject
Project("{FAE04EC0-301F-11D3-BF4B-00C04F79EFBC}") = "Bahar.Domain", "Bahar.Domain\Bahar.Domain.csproj", "{8F840717-B6BC-4EEF-8755-1191C465DE83}"
EndProject
Project("{FAE04EC0-301F-11D3-BF4B-00C04F79EFBC}") = "Bahar.Application", "Bahar.Application\Bahar.Application.csproj", "{9E9DE164-EA65-4401-B2F9-A1C235077605}"
EndProject
Project("{FAE04EC0-301F-11D3-BF4B-00C04F79EFBC}") = "Bahar.Persistence", "Bahar.Persistence\Bahar.Persistence.csproj", "{7E87E54A-DDC1-4380-8C3B-5EA00BA90BD8}"
EndProject
Project("{FAE04EC0-301F-11D3-BF4B-00C04F79EFBC}") = "Bahar.Infrastructure", "Bahar.Infrastructure\Bahar.Infrastructure.csproj", "{3EE47178-E02E-46D4-B7A8-9D0B9B174467}"
EndProject
Project("{FAE04EC0-301F-11D3-BF4B-00C04F79EFBC}") = "WebBaharApi", "WebBaharApi\WebBaharApi.csproj", "{70400906-E271-4E78-B16D-15253D317C05}"
EndProject
Global
	GlobalSection(SolutionConfigurationPlatforms) = preSolution
		Debug|Any CPU = Debug|Any CPU
		Release|Any CPU = Release|Any CPU
	EndGlobalSection
	GlobalSection(ProjectConfigurationPlatforms) = postSolution
		{8F840717-B6BC-4EEF-8755-1191C465DE83}.Debug|Any CPU.ActiveCfg = Debug|Any CPU
		{8F840717-B6BC-4EEF-8755-1191C465DE83}.Debug|Any CPU.Build.0 = Debug|Any CPU
		{8F840717-B6BC-4EEF-8755-1191C465DE83}.Release|Any CPU.ActiveCfg = Release|Any CPU
		{8F840717-B6BC-4EEF-8755-1191C465DE83}.Release|Any CPU.Build.0 = Release|Any CPU
		{9E9DE164-EA65-4401-B2F9-A1C235077605}.Debug|Any CPU.ActiveCfg = Debug|Any CPU
		{9E9DE164-EA65-4401-B2F9-A1C235077605}.Debug|Any CPU.Build.0 = Debug|Any CPU
		{9E9DE164-EA65-4401-B2F9-A1C235077605}.Release|Any CPU.ActiveCfg = Release|Any CPU
		{9E9DE164-EA65-4401-B2F9-A1C235077605}.Release|Any CPU.Build.0 = Release|Any CPU
		{7E87E54A-DDC1-4380-8C3B-5EA00BA90BD8}.Debug|Any CPU.ActiveCfg = Debug|Any CPU
		{7E87E54A-DDC1-4380-8C3B-5EA00BA90BD8}.Debug|Any CPU.Build.0 = Debug|Any CPU
		{7E87E54A-DDC1-4380-8C3B-5EA00BA90BD8}.Release|Any CPU.ActiveCfg = Release|Any CPU
		{7E87E54A-DDC1-4380-8C3B-5EA00BA90BD8}.Release|Any CPU.Build.0 = Release|Any CPU
		{3EE47178-E02E-46D4-B7A8-9D0B9B174467}.Debug|Any CPU.ActiveCfg = Debug|Any CPU
		{3EE47178-E02E-46D4-B7A8-9D0B9B174467}.Debug|Any CPU.Build.0 = Debug|Any CPU
		{3EE47178-E02E-46D4-B7A8-9D0B9B174467}.Release|Any CPU.ActiveCfg = Release|Any CPU
		{3EE47178-E02E-46D4-B7A8-9D0B9B174467}.Release|Any CPU.Build.0 = Release|Any CPU
		{70400906-E271-4E78-B16D-15253D317C05}.Debug|Any CPU.ActiveCfg = Debug|Any CPU
		{70400906-E271-4E78-B16D-15253D317C05}.Debug|Any CPU.Build.0 = Debug|Any CPU
		{70400906-E271-4E78-B16D-15253D317C05}.Release|Any CPU.ActiveCfg = Release|Any CPU
		{70400906-E271-4E78-B16D-15253D317C05}.Release|Any CPU.Build.0 = Release|Any CPU
	EndGlobalSection
	GlobalSection(SolutionProperties) = preSolution
		HideSolutionNode = FALSE
	EndGlobalSection
	GlobalSection(NestedProjects) = preSolution
		{08A38DB9-F347-4832-91AA-D659F4E9858F} = {94553754-74D1-4CC7-86E7-178F86C0B311}
		{771098A1-7D3E-49C1-8795-558056A7926A} = {94553754-74D1-4CC7-86E7-178F86C0B311}
		{118D3C17-1330-4A0F-8E75-3D91024FEEE9} = {94553754-74D1-4CC7-86E7-178F86C0B311}
		{73E1F09B-DA78-473D-9B7C-7BD566E245EF} = {94553754-74D1-4CC7-86E7-178F86C0B311}
		{8F840717-B6BC-4EEF-8755-1191C465DE83} = {771098A1-7D3E-49C1-8795-558056A7926A}
		{9E9DE164-EA65-4401-B2F9-A1C235077605} = {771098A1-7D3E-49C1-8795-558056A7926A}
		{7E87E54A-DDC1-4380-8C3B-5EA00BA90BD8} = {118D3C17-1330-4A0F-8E75-3D91024FEEE9}
		{3EE47178-E02E-46D4-B7A8-9D0B9B174467} = {118D3C17-1330-4A0F-8E75-3D91024FEEE9}
		{70400906-E271-4E78-B16D-15253D317C05} = {73E1F09B-DA78-473D-9B7C-7BD566E245EF}
	EndGlobalSection
	GlobalSection(ExtensibilityGlobals) = postSolution
		SolutionGuid = {2BA1E933-302A-428B-9BEE-C112DCCB0F7E}
	EndGlobalSection
EndGlobal
